
Microsoft Visual Studio Solution File, Format Version 12.00
# Visual Studio Version 16
VisualStudioVersion = 16.0.30011.22
MinimumVisualStudioVersion = 10.0.40219.1
Project("{FAE04EC0-301F-11D3-BF4B-00C04F79EFBC}") = "FlowerServiceLibrary", "FlowerServiceLibrary\FlowerServiceLibrary.csproj", "{884E140C-4055-4490-9AFE-C6ABA2CD8D90}"
EndProject
Global
	GlobalSection(SolutionConfigurationPlatforms) = preSolution
		Debug|Any CPU = Debug|Any CPU
		Release|Any CPU = Release|Any CPU
	EndGlobalSection
	GlobalSection(ProjectConfigurationPlatforms) = postSolution
		{884E140C-4055-4490-9AFE-C6ABA2CD8D90}.Debug|Any CPU.ActiveCfg = Debug|Any CPU
		{884E140C-4055-4490-9AFE-C6ABA2CD8D90}.Debug|Any CPU.Build.0 = Debug|Any CPU
		{884E140C-4055-4490-9AFE-C6ABA2CD8D90}.Release|Any CPU.ActiveCfg = Release|Any CPU
		{884E140C-4055-4490-9AFE-C6ABA2CD8D90}.Release|Any CPU.Build.0 = Release|Any CPU
	EndGlobalSection
	GlobalSection(SolutionProperties) = preSolution
		HideSolutionNode = FALSE
	EndGlobalSection
	GlobalSection(ExtensibilityGlobals) = postSolution
		SolutionGuid = {8207DB3D-915A-4855-9738-5E9017AEABD6}
	EndGlobalSection
EndGlobal
